<?xml version="1.0" encoding="utf-8"?>
<Project ToolsVersion="4.0" xmlns="http://schemas.microsoft.com/developer/msbuild/2003">
  <ItemGroup>
    <Filter Include="Header Files">
      <UniqueIdentifier>{93995380-89BD-4b04-88EB-625FBE52EBFB}</UniqueIdentifier>
      <Extensions>h;hh;hpp;hxx;hm;inl;inc;ipp;xsd</Extensions>
    </Filter>
    <Filter Include="Resource Files">
      <UniqueIdentifier>{67DA6AB6-F800-4c08-8B7A-83BB121AAD01}</UniqueIdentifier>
      <Extensions>rc;ico;cur;bmp;dlg;rc2;rct;bin;rgs;gif;jpg;jpeg;jpe;resx;tiff;tif;png;wav;mfcribbon-ms</Extensions>
    </Filter>
    <Filter Include="Main Entry">
      <UniqueIdentifier>{e7421e29-fa37-484c-b0f1-1ba1ec68a4cc}</UniqueIdentifier>
    </Filter>
    <Filter Include="pch">
      <UniqueIdentifier>{b6d6b37e-872b-4856-91bd-e9231189d417}</UniqueIdentifier>
    </Filter>
    <Filter Include="DDrawLib">
      <UniqueIdentifier>{4722fd05-87ff-40fd-bdfe-18a20b4c813a}</UniqueIdentifier>
    </Filter>
    <Filter Include="ImageData">
      <UniqueIdentifier>{1c363c6d-ab7c-422f-9b2d-12b287f81a9c}</UniqueIdentifier>
    </Filter>
    <Filter Include="Source Files">
      <UniqueIdentifier>{4FC737F1-C7A5-4376-A066-2A32D752A2FF}</UniqueIdentifier>
      <Extensions>cpp;c;cc;cxx;def;odl;idl;hpj;bat;asm;asmx</Extensions>
    </Filter>
    <Filter Include="Util">
      <UniqueIdentifier>{a88eecdd-0a16-4562-b878-b889891bd715}</UniqueIdentifier>
    </Filter>
    <Filter Include="Common">
      <UniqueIdentifier>{4517adf7-fdc8-4fc8-9a5a-7172507a81b1}</UniqueIdentifier>
    </Filter>
    <Filter Include="Game">
      <UniqueIdentifier>{39e4d86a-0006-4ef5-81e7-9318f6783480}</UniqueIdentifier>
    </Filter>
    <Filter Include="Filter">
      <UniqueIdentifier>{62a84d93-3e39-4892-8c2b-ff1e48e5f006}</UniqueIdentifier>
    </Filter>
  </ItemGroup>
  <ItemGroup>
    <ClInclude Include="targetver.h">
      <Filter>Header Files</Filter>
    </ClInclude>
    <ClInclude Include="Resource.h">
      <Filter>Header Files</Filter>
    </ClInclude>
    <ClInclude Include="DDrawSample.h">
      <Filter>Header Files</Filter>
    </ClInclude>
    <ClInclude Include="stdafx.h">
      <Filter>pch</Filter>
    </ClInclude>
    <ClInclude Include="..\DDrawLib\stdafx.h">
      <Filter>Header Files</Filter>
    </ClInclude>
    <ClInclude Include="..\DDrawLib\DDrawDevice.h">
      <Filter>DDrawLib</Filter>
    </ClInclude>
    <ClInclude Include="..\Util\stdafx.h">
      <Filter>Util</Filter>
    </ClInclude>
    <ClInclude Include="..\Util\TGAImage.h">
      <Filter>Util</Filter>
    </ClInclude>
    <ClInclude Include="..\Common\typedef.h">
      <Filter>Common</Filter>
    </ClInclude>
    <ClInclude Include="..\Util\Util.h">
      <Filter>Util</Filter>
    </ClInclude>
    <ClInclude Include="..\ImageData\ImageData.h">
      <Filter>ImageData</Filter>
    </ClInclude>
    <ClInclude Include="..\ImageData\stdafx.h">
      <Filter>ImageData</Filter>
    </ClInclude>
    <ClInclude Include="GameObject.h">
      <Filter>Game</Filter>
    </ClInclude>
    <ClInclude Include="Game.h">
      <Filter>Game</Filter>
    </ClInclude>
    <ClInclude Include="game_typedef.h">
      <Filter>Game</Filter>
    </ClInclude>
    <ClInclude Include="..\Util\QueryPerfCounter.h">
      <Filter>Util</Filter>
    </ClInclude>
    <ClInclude Include="FlightObject.h">
      <Filter>Game</Filter>
    </ClInclude>
    <ClInclude Include="..\Filter\CPU_Filter.h">
      <Filter>Filter</Filter>
    </ClInclude>
    <ClInclude Include="..\Filter\Filter_typedef.h">
      <Filter>Filter</Filter>
    </ClInclude>
  </ItemGroup>
  <ItemGroup>
    <ResourceCompile Include="DDrawSample.rc">
      <Filter>Resource Files</Filter>
    </ResourceCompile>
  </ItemGroup>
  <ItemGroup>
    <Image Include="small.ico">
      <Filter>Resource Files</Filter>
    </Image>
    <Image Include="DDrawSample.ico">
      <Filter>Resource Files</Filter>
    </Image>
  </ItemGroup>
  <ItemGroup>
    <ClCompile Include="main.cpp">
      <Filter>Main Entry</Filter>
    </ClCompile>
    <ClCompile Include="stdafx.cpp">
      <Filter>pch</Filter>
    </ClCompile>
    <ClCompile Include="..\DDrawLib\DDrawDevice.cpp">
      <Filter>DDrawLib</Filter>
    </ClCompile>
    <ClCompile Include="..\Util\TGAImage.cpp">
      <Filter>Util</Filter>
    </ClCompile>
    <ClCompile Include="..\Util\Util.cpp">
      <Filter>Util</Filter>
    </ClCompile>
    <ClCompile Include="..\ImageData\ImageData.cpp">
      <Filter>ImageData</Filter>
    </ClCompile>
    <ClCompile Include="GameObject.cpp">
      <Filter>Game</Filter>
    </ClCompile>
    <ClCompile Include="Game.cpp">
      <Filter>Game</Filter>
    </ClCompile>
    <ClCompile Include="..\Util\QueryPerfCounter .cpp">
      <Filter>Util</Filter>
    </ClCompile>
    <ClCompile Include="FlightObject.cpp">
      <Filter>Game</Filter>
    </ClCompile>
    <ClCompile Include="..\Filter\CPU_Filter.cpp">
      <Filter>Filter</Filter>
    </ClCompile>
  </ItemGroup>
</Project>